// !$*UTF8*$!
{
	archiveVersion = 1;
	classes = {
	};
	objectVersion = 46;
	objects = {

/* Begin PBXBuildFile section */
		84337E9D1C7421AF00BB4CED /* aaa.png in Resources */ = {isa = PBXBuildFile; fileRef = 84337E9C1C7421AF00BB4CED /* aaa.png */; };
		848236721C3B95DE0018D721 /* AppDelegate.swift in Sources */ = {isa = PBXBuildFile; fileRef = 848236711C3B95DE0018D721 /* AppDelegate.swift */; };
		848236741C3B95DE0018D721 /* ViewController.swift in Sources */ = {isa = PBXBuildFile; fileRef = 848236731C3B95DE0018D721 /* ViewController.swift */; };
		848236771C3B95DE0018D721 /* Main.storyboard in Resources */ = {isa = PBXBuildFile; fileRef = 848236751C3B95DE0018D721 /* Main.storyboard */; };
		848236791C3B95DE0018D721 /* Assets.xcassets in Resources */ = {isa = PBXBuildFile; fileRef = 848236781C3B95DE0018D721 /* Assets.xcassets */; };
		8482367C1C3B95DE0018D721 /* LaunchScreen.storyboard in Resources */ = {isa = PBXBuildFile; fileRef = 8482367A1C3B95DE0018D721 /* LaunchScreen.storyboard */; };
		84CFEBE21C48B3DF006F7730 /* ZoomRotatePanImageView.m in Sources */ = {isa = PBXBuildFile; fileRef = 84CFEBE11C48B3DF006F7730 /* ZoomRotatePanImageView.m */; };
/* End PBXBuildFile section */

/* Begin PBXFileReference section */
		84337E9C1C7421AF00BB4CED /* aaa.png */ = {isa = PBXFileReference; lastKnownFileType = image.png; path = aaa.png; sourceTree = "<group>"; };
		8482366E1C3B95DE0018D721 /* Sample.app */ = {isa = PBXFileReference; explicitFileType = wrapper.application; includeInIndex = 0; path = Sample.app; sourceTree = BUILT_PRODUCTS_DIR; };
		848236711C3B95DE0018D721 /* AppDelegate.swift */ = {isa = PBXFileReference; lastKnownFileType = sourcecode.swift; path = AppDelegate.swift; sourceTree = "<group>"; };
		848236731C3B95DE0018D721 /* ViewController.swift */ = {isa = PBXFileReference; lastKnownFileType = sourcecode.swift; path = ViewController.swift; sourceTree = "<group>"; };
		848236761C3B95DE0018D721 /* Base */ = {isa = PBXFileReference; lastKnownFileType = file.storyboard; name = Base; path = Base.lproj/Main.storyboard; sourceTree = "<group>"; };
		848236781C3B95DE0018D721 /* Assets.xcassets */ = {isa = PBXFileReference; lastKnownFileType = folder.assetcatalog; path = Assets.xcassets; sourceTree = "<group>"; };
		8482367B1C3B95DE0018D721 /* Base */ = {isa = PBXFileReference; lastKnownFileType = file.storyboard; name = Base; path = Base.lproj/LaunchScreen.storyboard; sourceTree = "<group>"; };
		8482367D1C3B95DE0018D721 /* Info.plist */ = {isa = PBXFileReference; lastKnownFileType = text.plist.xml; path = Info.plist; sourceTree = "<group>"; };
		84CFEBE01C48B3DF006F7730 /* ZoomRotatePanImageView.h */ = {isa = PBXFileReference; fileEncoding = 4; lastKnownFileType = sourcecode.c.h; path = ZoomRotatePanImageView.h; sourceTree = "<group>"; };
		84CFEBE11C48B3DF006F7730 /* ZoomRotatePanImageView.m */ = {isa = PBXFileReference; fileEncoding = 4; lastKnownFileType = sourcecode.c.objc; path = ZoomRotatePanImageView.m; sourceTree = "<group>"; };
/* End PBXFileReference section */

/* Begin PBXFrameworksBuildPhase section */
		8482366B1C3B95DE0018D721 /* Frameworks */ = {
			isa = PBXFrameworksBuildPhase;
			buildActionMask = 2147483647;
			files = (
			);
			runOnlyForDeploymentPostprocessing = 0;
		};
/* End PBXFrameworksBuildPhase section */

/* Begin PBXGroup section */
		848236651C3B95DE0018D721 = {
			isa = PBXGroup;
			children = (
				848236701C3B95DE0018D721 /* Sample */,
				8482366F1C3B95DE0018D721 /* Products */,
			);
			sourceTree = "<group>";
		};
		8482366F1C3B95DE0018D721 /* Products */ = {
			isa = PBXGroup;
			children = (
				8482366E1C3B95DE0018D721 /* Sample.app */,
			);
			name = Products;
			sourceTree = "<group>";
		};
		848236701C3B95DE0018D721 /* Sample */ = {
			isa = PBXGroup;
			children = (
				848236711C3B95DE0018D721 /* AppDelegate.swift */,
				848236731C3B95DE0018D721 /* ViewController.swift */,
				848236751C3B95DE0018D721 /* Main.storyboard */,
				848236781C3B95DE0018D721 /* Assets.xcassets */,
				8482367A1C3B95DE0018D721 /* LaunchScreen.storyboard */,
				8482367D1C3B95DE0018D721 /* Info.plist */,
				84CFEBE01C48B3DF006F7730 /* ZoomRotatePanImageView.h */,
				84CFEBE11C48B3DF006F7730 /* ZoomRotatePanImageView.m */,
				84337E9C1C7421AF00BB4CED /* aaa.png */,
			);
			path = Sample;
			sourceTree = "<group>";
		};
/* End PBXGroup section */

/* Begin PBXNativeTarget section */
		8482366D1C3B95DE0018D721 /* Sample */ = {
			isa = PBXNativeTarget;
			buildConfigurationList = 848236801C3B95DE0018D721 /* Build configuration list for PBXNativeTarget "Sample" */;
			buildPhases = (
				8482366A1C3B95DE0018D721 /* Sources */,
				8482366B1C3B95DE0018D721 /* Frameworks */,
				8482366C1C3B95DE0018D721 /* Resources */,
			);
			buildRules = (
			);
			dependencies = (
			);
			name = Sample;
			productName = Sample;
			productReference = 8482366E1C3B95DE0018D721 /* Sample.app */;
			productType = "com.apple.product-type.application";
		};
/* End PBXNativeTarget section */

/* Begin PBXProject section */
		848236661C3B95DE0018D721 /* Project object */ = {
			isa = PBXProject;
			attributes = {
				LastSwiftUpdateCheck = 0710;
				LastUpgradeCheck = 0710;
				ORGANIZATIONNAME = aaa;
				TargetAttributes = {
					8482366D1C3B95DE0018D721 = {
						CreatedOnToolsVersion = 7.1;
						DevelopmentTeam = SQW65XSE82;
					};
				};
			};
			buildConfigurationList = 848236691C3B95DE0018D721 /* Build configuration list for PBXProject "Sample" */;
			compatibilityVersion = "Xcode 3.2";
			developmentRegion = English;
			hasScannedForEncodings = 0;
			knownRegions = (
				en,
				Base,
			);
			mainGroup = 848236651C3B95DE0018D721;
			productRefGroup = 8482366F1C3B95DE0018D721 /* Products */;
			projectDirPath = "";
			projectRoot = "";
			targets = (
				8482366D1C3B95DE0018D721 /* Sample */,
			);
		};
/* End PBXProject section */

/* Begin PBXResourcesBuildPhase section */
		8482366C1C3B95DE0018D721 /* Resources */ = {
			isa = PBXResourcesBuildPhase;
			buildActionMask = 2147483647;
			files = (
				8482367C1C3B95DE0018D721 /* LaunchScreen.storyboard in Resources */,
				848236791C3B95DE0018D721 /* Assets.xcassets in Resources */,
				84337E9D1C7421AF00BB4CED /* aaa.png in Resources */,
				848236771C3B95DE0018D721 /* Main.storyboard in Resources */,
			);
			runOnlyForDeploymentPostprocessing = 0;
		};
/* End PBXResourcesBuildPhase section */

/* Begin PBXSourcesBuildPhase section */
		8482366A1C3B95DE0018D721 /* Sources */ = {
			isa = PBXSourcesBuildPhase;
			buildActionMask = 2147483647;
			files = (
				848236741C3B95DE0018D721 /* ViewController.swift in Sources */,
				848236721C3B95DE0018D721 /* AppDelegate.swift in Sources */,
				84CFEBE21C48B3DF006F7730 /* ZoomRotatePanImageView.m in Sources */,
			);
			runOnlyForDeploymentPostprocessing = 0;
		};
/* End PBXSourcesBuildPhase section */

/* Begin PBXVariantGroup section */
		848236751C3B95DE0018D721 /* Main.storyboard */ = {
			isa = PBXVariantGroup;
			children = (
				848236761C3B95DE0018D721 /* Base */,
			);
			name = Main.storyboard;
			sourceTree = "<group>";
		};
		8482367A1C3B95DE0018D721 /* LaunchScreen.storyboard */ = {
			isa = PBXVariantGroup;
			children = (
				8482367B1C3B95DE0018D721 /* Base */,
			);
			name = LaunchScreen.storyboard;
			sourceTree = "<group>";
		};
/* End PBXVariantGroup section */

/* Begin XCBuildConfiguration section */
		8482367E1C3B95DE0018D721 /* Debug */ = {
			isa = XCBuildConfiguration;
			buildSettings = {
				ALWAYS_SEARCH_USER_PATHS = NO;
				CLANG_CXX_LANGUAGE_STANDARD = "gnu++0x";
				CLANG_CXX_LIBRARY = "libc++";
				CLANG_ENABLE_MODULES = YES;
				CLANG_ENABLE_OBJC_ARC = YES;
				CLANG_WARN_BOOL_CONVERSION = YES;
				CLANG_WARN_CONSTANT_CONVERSION = YES;
				CLANG_WARN_DIRECT_OBJC_ISA_USAGE = YES_ERROR;
				CLANG_WARN_EMPTY_BODY = YES;
				CLANG_WARN_ENUM_CONVERSION = YES;
				CLANG_WARN_INT_CONVERSION = YES;
				CLANG_WARN_OBJC_ROOT_CLASS = YES_ERROR;
				CLANG_WARN_UNREACHABLE_CODE = YES;
				CLANG_WARN__DUPLICATE_METHOD_MATCH = YES;
				"CODE_SIGN_IDENTITY[sdk=iphoneos*]" = "iPhone Developer";
				COPY_PHASE_STRIP = NO;
				DEBUG_INFORMATION_FORMAT = dwarf;
				ENABLE_STRICT_OBJC_MSGSEND = YES;
				ENABLE_TESTABILITY = YES;
				GCC_C_LANGUAGE_STANDARD = gnu99;
				GCC_DYNAMIC_NO_PIC = NO;
				GCC_NO_COMMON_BLOCKS = YES;
				GCC_OPTIMIZATION_LEVEL = 0;
				GCC_PREPROCESSOR_DEFINITIONS = (
					"DEBUG=1",
					"$(inherited)",
				);
				GCC_WARN_64_TO_32_BIT_CONVERSION = YES;
				GCC_WARN_ABOUT_RETURN_TYPE = YES_ERROR;
				GCC_WARN_UNDECLARED_SELECTOR = YES;
				GCC_WARN_UNINITIALIZED_AUTOS = YES_AGGRESSIVE;
				GCC_WARN_UNUSED_FUNCTION = YES;
				GCC_WARN_UNUSED_VARIABLE = YES;
				IPHONEOS_DEPLOYMENT_TARGET = 9.1;
				MTL_ENABLE_DEBUG_INFO = YES;
				ONLY_ACTIVE_ARCH = YES;
				SDKROOT = iphoneos;
				SWIFT_OPTIMIZATION_LEVEL = "-Onone";
			};
			name = Debug;
		};
		8482367F1C3B95DE0018D721 /* Release */ = {
			isa = XCBuildConfiguration;
			buildSettings = {
				ALWAYS_SEARCH_USER_PATHS = NO;
				CLANG_CXX_LANGUAGE_STANDARD = "gnu++0x";
				CLANG_CXX_LIBRARY = "libc++";
				CLANG_ENABLE_MODULES = YES;
				CLANG_ENABLE_OBJC_ARC = YES;
				CLANG_WARN_BOOL_CONVERSION = YES;
				CLANG_WARN_CONSTANT_CONVERSION = YES;
				CLANG_WARN_DIRECT_OBJC_ISA_USAGE = YES_ERROR;
				CLANG_WARN_EMPTY_BODY = YES;
				CLANG_WARN_ENUM_CONVERSION = YES;
				CLANG_WARN_INT_CONVERSION = YES;
				CLANG_WARN_OBJC_ROOT_CLASS = YES_ERROR;
				CLANG_WARN_UNREACHABLE_CODE = YES;
				CLANG_WARN__DUPLICATE_METHOD_MATCH = YES;
				"CODE_SIGN_IDENTITY[sdk=iphoneos*]" = "iPhone Developer";
				COPY_PHASE_STRIP = NO;
				DEBUG_INFORMATION_FORMAT = "dwarf-with-dsym";
				ENABLE_NS_ASSERTIONS = NO;
				ENABLE_STRICT_OBJC_MSGSEND = YES;
				GCC_C_LANGUAGE_STANDARD = gnu99;
				GCC_NO_COMMON_BLOCKS = YES;
				GCC_WARN_64_TO_32_BIT_CONVERSION = YES;
				GCC_WARN_ABOUT_RETURN_TYPE = YES_ERROR;
				GCC_WARN_UNDECLARED_SELECTOR = YES;
				GCC_WARN_UNINITIALIZED_AUTOS = YES_AGGRESSIVE;
				GCC_WARN_UNUSED_FUNCTION = YES;
				GCC_WARN_UNUSED_VARIABLE = YES;
				IPHONEOS_DEPLOYMENT_TARGET = 9.1;
				MTL_ENABLE_DEBUG_INFO = NO;
				SDKROOT = iphoneos;
				VALIDATE_PRODUCT = YES;
			};
			name = Release;
		};
		848236811C3B95DE0018D721 /* Debug */ = {
			isa = XCBuildConfiguration;
			buildSettings = {
				ASSETCATALOG_COMPILER_APPICON_NAME = AppIcon;
				CLANG_ENABLE_MODULES = YES;
				CODE_SIGN_IDENTITY = "iPhone Developer";
				INFOPLIST_FILE = Sample/Info.plist;
				LD_RUNPATH_SEARCH_PATHS = "$(inherited) @executable_path/Frameworks";
				PRODUCT_BUNDLE_IDENTIFIER = inc.yourOrg.Sample;
				PRODUCT_NAME = "$(TARGET_NAME)";
				SWIFT_OBJC_BRIDGING_HEADER = "";
				SWIFT_OPTIMIZATION_LEVEL = "-Onone";
			};
			name = Debug;
		};
		848236821C3B95DE0018D721 /* Release */ = {
			isa = XCBuildConfiguration;
			buildSettings = {
				ASSETCATALOG_COMPILER_APPICON_NAME = AppIcon;
				CLANG_ENABLE_MODULES = YES;
				CODE_SIGN_IDENTITY = "iPhone Developer";
				INFOPLIST_FILE = Sample/Info.plist;
				LD_RUNPATH_SEARCH_PATHS = "$(inherited) @executable_path/Frameworks";
				PRODUCT_BUNDLE_IDENTIFIER = inc.yourOrg.Sample;
				PRODUCT_NAME = "$(TARGET_NAME)";
				SWIFT_OBJC_BRIDGING_HEADER = "";
			};
			name = Release;
		};
/* End XCBuildConfiguration section */

/* Begin XCConfigurationList section */
		848236691C3B95DE0018D721 /* Build configuration list for PBXProject "Sample" */ = {
			isa = XCConfigurationList;
			buildConfigurations = (
				8482367E1C3B95DE0018D721 /* Debug */,
				8482367F1C3B95DE0018D721 /* Release */,
			);
			defaultConfigurationIsVisible = 0;
			defaultConfigurationName = Release;
		};
		848236801C3B95DE0018D721 /* Build configuration list for PBXNativeTarget "Sample" */ = {
			isa = XCConfigurationList;
			buildConfigurations = (
				848236811C3B95DE0018D721 /* Debug */,
				848236821C3B95DE0018D721 /* Release */,
			);
			defaultConfigurationIsVisible = 0;
			defaultConfigurationName = Release;
		};
/* End XCConfigurationList section */
	};
	rootObject = 848236661C3B95DE0018D721 /* Project object */;
}
